// !$*UTF8*$!
{
	archiveVersion = 1;
	classes = {
	};
	objectVersion = 56;
	objects = {

/* Begin PBXBuildFile section */
		4688EBC62A9A476D00F752C0 /* AppDelegate.swift in Sources */ = {isa = PBXBuildFile; fileRef = 4688EBC52A9A476D00F752C0 /* AppDelegate.swift */; };
		4688EBC82A9A476D00F752C0 /* SceneDelegate.swift in Sources */ = {isa = PBXBuildFile; fileRef = 4688EBC72A9A476D00F752C0 /* SceneDelegate.swift */; };
		4688EBCA2A9A476D00F752C0 /* BeerListViewController.swift in Sources */ = {isa = PBXBuildFile; fileRef = 4688EBC92A9A476D00F752C0 /* BeerListViewController.swift */; };
		4688EBCD2A9A476D00F752C0 /* Main.storyboard in Resources */ = {isa = PBXBuildFile; fileRef = 4688EBCB2A9A476D00F752C0 /* Main.storyboard */; };
		4688EBCF2A9A476E00F752C0 /* Assets.xcassets in Resources */ = {isa = PBXBuildFile; fileRef = 4688EBCE2A9A476E00F752C0 /* Assets.xcassets */; };
		4688EBD22A9A476E00F752C0 /* LaunchScreen.storyboard in Resources */ = {isa = PBXBuildFile; fileRef = 4688EBD02A9A476E00F752C0 /* LaunchScreen.storyboard */; };
		4688EBDB2A9A479100F752C0 /* Kingfisher in Frameworks */ = {isa = PBXBuildFile; productRef = 4688EBDA2A9A479100F752C0 /* Kingfisher */; };
		4688EBDE2A9A479D00F752C0 /* SnapKit in Frameworks */ = {isa = PBXBuildFile; productRef = 4688EBDD2A9A479D00F752C0 /* SnapKit */; };
		4688EBE02A9A483E00F752C0 /* BeerDetailViewController.swift in Sources */ = {isa = PBXBuildFile; fileRef = 4688EBDF2A9A483E00F752C0 /* BeerDetailViewController.swift */; };
		4688EBE22A9A485400F752C0 /* Beer.swift in Sources */ = {isa = PBXBuildFile; fileRef = 4688EBE12A9A485400F752C0 /* Beer.swift */; };
		4688EBE42A9A485900F752C0 /* BeerDetailCell.swift in Sources */ = {isa = PBXBuildFile; fileRef = 4688EBE32A9A485900F752C0 /* BeerDetailCell.swift */; };
/* End PBXBuildFile section */

/* Begin PBXFileReference section */
		4688EBC22A9A476D00F752C0 /* Alcohol.app */ = {isa = PBXFileReference; explicitFileType = wrapper.application; includeInIndex = 0; path = Alcohol.app; sourceTree = BUILT_PRODUCTS_DIR; };
		4688EBC52A9A476D00F752C0 /* AppDelegate.swift */ = {isa = PBXFileReference; lastKnownFileType = sourcecode.swift; path = AppDelegate.swift; sourceTree = "<group>"; };
		4688EBC72A9A476D00F752C0 /* SceneDelegate.swift */ = {isa = PBXFileReference; lastKnownFileType = sourcecode.swift; path = SceneDelegate.swift; sourceTree = "<group>"; };
		4688EBC92A9A476D00F752C0 /* BeerListViewController.swift */ = {isa = PBXFileReference; lastKnownFileType = sourcecode.swift; path = BeerListViewController.swift; sourceTree = "<group>"; };
		4688EBCC2A9A476D00F752C0 /* Base */ = {isa = PBXFileReference; lastKnownFileType = file.storyboard; name = Base; path = Base.lproj/Main.storyboard; sourceTree = "<group>"; };
		4688EBCE2A9A476E00F752C0 /* Assets.xcassets */ = {isa = PBXFileReference; lastKnownFileType = folder.assetcatalog; path = Assets.xcassets; sourceTree = "<group>"; };
		4688EBD12A9A476E00F752C0 /* Base */ = {isa = PBXFileReference; lastKnownFileType = file.storyboard; name = Base; path = Base.lproj/LaunchScreen.storyboard; sourceTree = "<group>"; };
		4688EBD32A9A476E00F752C0 /* Info.plist */ = {isa = PBXFileReference; lastKnownFileType = text.plist.xml; path = Info.plist; sourceTree = "<group>"; };
		4688EBDF2A9A483E00F752C0 /* BeerDetailViewController.swift */ = {isa = PBXFileReference; lastKnownFileType = sourcecode.swift; path = BeerDetailViewController.swift; sourceTree = "<group>"; };
		4688EBE12A9A485400F752C0 /* Beer.swift */ = {isa = PBXFileReference; lastKnownFileType = sourcecode.swift; path = Beer.swift; sourceTree = "<group>"; };
		4688EBE32A9A485900F752C0 /* BeerDetailCell.swift */ = {isa = PBXFileReference; lastKnownFileType = sourcecode.swift; path = BeerDetailCell.swift; sourceTree = "<group>"; };
/* End PBXFileReference section */

/* Begin PBXFrameworksBuildPhase section */
		4688EBBF2A9A476D00F752C0 /* Frameworks */ = {
			isa = PBXFrameworksBuildPhase;
			buildActionMask = 2147483647;
			files = (
				4688EBDB2A9A479100F752C0 /* Kingfisher in Frameworks */,
				4688EBDE2A9A479D00F752C0 /* SnapKit in Frameworks */,
			);
			runOnlyForDeploymentPostprocessing = 0;
		};
/* End PBXFrameworksBuildPhase section */

/* Begin PBXGroup section */
		4688EBB92A9A476D00F752C0 = {
			isa = PBXGroup;
			children = (
				4688EBC42A9A476D00F752C0 /* Alcohol */,
				4688EBC32A9A476D00F752C0 /* Products */,
			);
			sourceTree = "<group>";
		};
		4688EBC32A9A476D00F752C0 /* Products */ = {
			isa = PBXGroup;
			children = (
				4688EBC22A9A476D00F752C0 /* Alcohol.app */,
			);
			name = Products;
			sourceTree = "<group>";
		};
		4688EBC42A9A476D00F752C0 /* Alcohol */ = {
			isa = PBXGroup;
			children = (
				4688EBC52A9A476D00F752C0 /* AppDelegate.swift */,
				4688EBC72A9A476D00F752C0 /* SceneDelegate.swift */,
				4688EBC92A9A476D00F752C0 /* BeerListViewController.swift */,
				4688EBDF2A9A483E00F752C0 /* BeerDetailViewController.swift */,
				4688EBE12A9A485400F752C0 /* Beer.swift */,
				4688EBE32A9A485900F752C0 /* BeerDetailCell.swift */,
				4688EBCB2A9A476D00F752C0 /* Main.storyboard */,
				4688EBCE2A9A476E00F752C0 /* Assets.xcassets */,
				4688EBD02A9A476E00F752C0 /* LaunchScreen.storyboard */,
				4688EBD32A9A476E00F752C0 /* Info.plist */,
			);
			path = Alcohol;
			sourceTree = "<group>";
		};
/* End PBXGroup section */

/* Begin PBXNativeTarget section */
		4688EBC12A9A476D00F752C0 /* Alcohol */ = {
			isa = PBXNativeTarget;
			buildConfigurationList = 4688EBD62A9A476E00F752C0 /* Build configuration list for PBXNativeTarget "Alcohol" */;
			buildPhases = (
				4688EBBE2A9A476D00F752C0 /* Sources */,
				4688EBBF2A9A476D00F752C0 /* Frameworks */,
				4688EBC02A9A476D00F752C0 /* Resources */,
			);
			buildRules = (
			);
			dependencies = (
			);
			name = Alcohol;
			packageProductDependencies = (
				4688EBDA2A9A479100F752C0 /* Kingfisher */,
				4688EBDD2A9A479D00F752C0 /* SnapKit */,
			);
			productName = Alcohol;
			productReference = 4688EBC22A9A476D00F752C0 /* Alcohol.app */;
			productType = "com.apple.product-type.application";
		};
/* End PBXNativeTarget section */

/* Begin PBXProject section */
		4688EBBA2A9A476D00F752C0 /* Project object */ = {
			isa = PBXProject;
			attributes = {
				BuildIndependentTargetsInParallel = 1;
				LastSwiftUpdateCheck = 1430;
				LastUpgradeCheck = 1430;
				TargetAttributes = {
					4688EBC12A9A476D00F752C0 = {
						CreatedOnToolsVersion = 14.3.1;
					};
				};
			};
			buildConfigurationList = 4688EBBD2A9A476D00F752C0 /* Build configuration list for PBXProject "Alcohol" */;
			compatibilityVersion = "Xcode 14.0";
			developmentRegion = en;
			hasScannedForEncodings = 0;
			knownRegions = (
				en,
				Base,
			);
			mainGroup = 4688EBB92A9A476D00F752C0;
			packageReferences = (
				4688EBD92A9A479100F752C0 /* XCRemoteSwiftPackageReference "Kingfisher" */,
				4688EBDC2A9A479D00F752C0 /* XCRemoteSwiftPackageReference "SnapKit" */,
			);
			productRefGroup = 4688EBC32A9A476D00F752C0 /* Products */;
			projectDirPath = "";
			projectRoot = "";
			targets = (
				4688EBC12A9A476D00F752C0 /* Alcohol */,
			);
		};
/* End PBXProject section */

/* Begin PBXResourcesBuildPhase section */
		4688EBC02A9A476D00F752C0 /* Resources */ = {
			isa = PBXResourcesBuildPhase;
			buildActionMask = 2147483647;
			files = (
				4688EBD22A9A476E00F752C0 /* LaunchScreen.storyboard in Resources */,
				4688EBCF2A9A476E00F752C0 /* Assets.xcassets in Resources */,
				4688EBCD2A9A476D00F752C0 /* Main.storyboard in Resources */,
			);
			runOnlyForDeploymentPostprocessing = 0;
		};
/* End PBXResourcesBuildPhase section */

/* Begin PBXSourcesBuildPhase section */
		4688EBBE2A9A476D00F752C0 /* Sources */ = {
			isa = PBXSourcesBuildPhase;
			buildActionMask = 2147483647;
			files = (
				4688EBE42A9A485900F752C0 /* BeerDetailCell.swift in Sources */,
				4688EBCA2A9A476D00F752C0 /* BeerListViewController.swift in Sources */,
				4688EBE02A9A483E00F752C0 /* BeerDetailViewController.swift in Sources */,
				4688EBE22A9A485400F752C0 /* Beer.swift in Sources */,
				4688EBC62A9A476D00F752C0 /* AppDelegate.swift in Sources */,
				4688EBC82A9A476D00F752C0 /* SceneDelegate.swift in Sources */,
			);
			runOnlyForDeploymentPostprocessing = 0;
		};
/* End PBXSourcesBuildPhase section */

/* Begin PBXVariantGroup section */
		4688EBCB2A9A476D00F752C0 /* Main.storyboard */ = {
			isa = PBXVariantGroup;
			children = (
				4688EBCC2A9A476D00F752C0 /* Base */,
			);
			name = Main.storyboard;
			sourceTree = "<group>";
		};
		4688EBD02A9A476E00F752C0 /* LaunchScreen.storyboard */ = {
			isa = PBXVariantGroup;
			children = (
				4688EBD12A9A476E00F752C0 /* Base */,
			);
			name = LaunchScreen.storyboard;
			sourceTree = "<group>";
		};
/* End PBXVariantGroup section */

/* Begin XCBuildConfiguration section */
		4688EBD42A9A476E00F752C0 /* Debug */ = {
			isa = XCBuildConfiguration;
			buildSettings = {
				ALWAYS_SEARCH_USER_PATHS = NO;
				CLANG_ANALYZER_NONNULL = YES;
				CLANG_ANALYZER_NUMBER_OBJECT_CONVERSION = YES_AGGRESSIVE;
				CLANG_CXX_LANGUAGE_STANDARD = "gnu++20";
				CLANG_ENABLE_MODULES = YES;
				CLANG_ENABLE_OBJC_ARC = YES;
				CLANG_ENABLE_OBJC_WEAK = YES;
				CLANG_WARN_BLOCK_CAPTURE_AUTORELEASING = YES;
				CLANG_WARN_BOOL_CONVERSION = YES;
				CLANG_WARN_COMMA = YES;
				CLANG_WARN_CONSTANT_CONVERSION = YES;
				CLANG_WARN_DEPRECATED_OBJC_IMPLEMENTATIONS = YES;
				CLANG_WARN_DIRECT_OBJC_ISA_USAGE = YES_ERROR;
				CLANG_WARN_DOCUMENTATION_COMMENTS = YES;
				CLANG_WARN_EMPTY_BODY = YES;
				CLANG_WARN_ENUM_CONVERSION = YES;
				CLANG_WARN_INFINITE_RECURSION = YES;
				CLANG_WARN_INT_CONVERSION = YES;
				CLANG_WARN_NON_LITERAL_NULL_CONVERSION = YES;
				CLANG_WARN_OBJC_IMPLICIT_RETAIN_SELF = YES;
				CLANG_WARN_OBJC_LITERAL_CONVERSION = YES;
				CLANG_WARN_OBJC_ROOT_CLASS = YES_ERROR;
				CLANG_WARN_QUOTED_INCLUDE_IN_FRAMEWORK_HEADER = YES;
				CLANG_WARN_RANGE_LOOP_ANALYSIS = YES;
				CLANG_WARN_STRICT_PROTOTYPES = YES;
				CLANG_WARN_SUSPICIOUS_MOVE = YES;
				CLANG_WARN_UNGUARDED_AVAILABILITY = YES_AGGRESSIVE;
				CLANG_WARN_UNREACHABLE_CODE = YES;
				CLANG_WARN__DUPLICATE_METHOD_MATCH = YES;
				COPY_PHASE_STRIP = NO;
				DEBUG_INFORMATION_FORMAT = dwarf;
				ENABLE_STRICT_OBJC_MSGSEND = YES;
				ENABLE_TESTABILITY = YES;
				GCC_C_LANGUAGE_STANDARD = gnu11;
				GCC_DYNAMIC_NO_PIC = NO;
				GCC_NO_COMMON_BLOCKS = YES;
				GCC_OPTIMIZATION_LEVEL = 0;
				GCC_PREPROCESSOR_DEFINITIONS = (
					"DEBUG=1",
					"$(inherited)",
				);
				GCC_WARN_64_TO_32_BIT_CONVERSION = YES;
				GCC_WARN_ABOUT_RETURN_TYPE = YES_ERROR;
				GCC_WARN_UNDECLARED_SELECTOR = YES;
				GCC_WARN_UNINITIALIZED_AUTOS = YES_AGGRESSIVE;
				GCC_WARN_UNUSED_FUNCTION = YES;
				GCC_WARN_UNUSED_VARIABLE = YES;
				IPHONEOS_DEPLOYMENT_TARGET = 16.4;
				MTL_ENABLE_DEBUG_INFO = INCLUDE_SOURCE;
				MTL_FAST_MATH = YES;
				ONLY_ACTIVE_ARCH = YES;
				SDKROOT = iphoneos;
				SWIFT_ACTIVE_COMPILATION_CONDITIONS = DEBUG;
				SWIFT_OPTIMIZATION_LEVEL = "-Onone";
			};
			name = Debug;
		};
		4688EBD52A9A476E00F752C0 /* Release */ = {
			isa = XCBuildConfiguration;
			buildSettings = {
				ALWAYS_SEARCH_USER_PATHS = NO;
				CLANG_ANALYZER_NONNULL = YES;
				CLANG_ANALYZER_NUMBER_OBJECT_CONVERSION = YES_AGGRESSIVE;
				CLANG_CXX_LANGUAGE_STANDARD = "gnu++20";
				CLANG_ENABLE_MODULES = YES;
				CLANG_ENABLE_OBJC_ARC = YES;
				CLANG_ENABLE_OBJC_WEAK = YES;
				CLANG_WARN_BLOCK_CAPTURE_AUTORELEASING = YES;
				CLANG_WARN_BOOL_CONVERSION = YES;
				CLANG_WARN_COMMA = YES;
				CLANG_WARN_CONSTANT_CONVERSION = YES;
				CLANG_WARN_DEPRECATED_OBJC_IMPLEMENTATIONS = YES;
				CLANG_WARN_DIRECT_OBJC_ISA_USAGE = YES_ERROR;
				CLANG_WARN_DOCUMENTATION_COMMENTS = YES;
				CLANG_WARN_EMPTY_BODY = YES;
				CLANG_WARN_ENUM_CONVERSION = YES;
				CLANG_WARN_INFINITE_RECURSION = YES;
				CLANG_WARN_INT_CONVERSION = YES;
				CLANG_WARN_NON_LITERAL_NULL_CONVERSION = YES;
				CLANG_WARN_OBJC_IMPLICIT_RETAIN_SELF = YES;
				CLANG_WARN_OBJC_LITERAL_CONVERSION = YES;
				CLANG_WARN_OBJC_ROOT_CLASS = YES_ERROR;
				CLANG_WARN_QUOTED_INCLUDE_IN_FRAMEWORK_HEADER = YES;
				CLANG_WARN_RANGE_LOOP_ANALYSIS = YES;
				CLANG_WARN_STRICT_PROTOTYPES = YES;
				CLANG_WARN_SUSPICIOUS_MOVE = YES;
				CLANG_WARN_UNGUARDED_AVAILABILITY = YES_AGGRESSIVE;
				CLANG_WARN_UNREACHABLE_CODE = YES;
				CLANG_WARN__DUPLICATE_METHOD_MATCH = YES;
				COPY_PHASE_STRIP = NO;
				DEBUG_INFORMATION_FORMAT = "dwarf-with-dsym";
				ENABLE_NS_ASSERTIONS = NO;
				ENABLE_STRICT_OBJC_MSGSEND = YES;
				GCC_C_LANGUAGE_STANDARD = gnu11;
				GCC_NO_COMMON_BLOCKS = YES;
				GCC_WARN_64_TO_32_BIT_CONVERSION = YES;
				GCC_WARN_ABOUT_RETURN_TYPE = YES_ERROR;
				GCC_WARN_UNDECLARED_SELECTOR = YES;
				GCC_WARN_UNINITIALIZED_AUTOS = YES_AGGRESSIVE;
				GCC_WARN_UNUSED_FUNCTION = YES;
				GCC_WARN_UNUSED_VARIABLE = YES;
				IPHONEOS_DEPLOYMENT_TARGET = 16.4;
				MTL_ENABLE_DEBUG_INFO = NO;
				MTL_FAST_MATH = YES;
				SDKROOT = iphoneos;
				SWIFT_COMPILATION_MODE = wholemodule;
				SWIFT_OPTIMIZATION_LEVEL = "-O";
				VALIDATE_PRODUCT = YES;
			};
			name = Release;
		};
		4688EBD72A9A476E00F752C0 /* Debug */ = {
			isa = XCBuildConfiguration;
			buildSettings = {
				ASSETCATALOG_COMPILER_APPICON_NAME = AppIcon;
				ASSETCATALOG_COMPILER_GLOBAL_ACCENT_COLOR_NAME = AccentColor;
				CODE_SIGN_STYLE = Automatic;
				CURRENT_PROJECT_VERSION = 1;
				DEVELOPMENT_TEAM = 7K76RWRQBL;
				GENERATE_INFOPLIST_FILE = YES;
				INFOPLIST_FILE = Alcohol/Info.plist;
				INFOPLIST_KEY_UIApplicationSupportsIndirectInputEvents = YES;
				INFOPLIST_KEY_UILaunchStoryboardName = LaunchScreen;
				INFOPLIST_KEY_UIMainStoryboardFile = Main;
				INFOPLIST_KEY_UISupportedInterfaceOrientations_iPad = "UIInterfaceOrientationPortrait UIInterfaceOrientationPortraitUpsideDown UIInterfaceOrientationLandscapeLeft UIInterfaceOrientationLandscapeRight";
				INFOPLIST_KEY_UISupportedInterfaceOrientations_iPhone = "UIInterfaceOrientationPortrait UIInterfaceOrientationLandscapeLeft UIInterfaceOrientationLandscapeRight";
				IPHONEOS_DEPLOYMENT_TARGET = 14.6;
				LD_RUNPATH_SEARCH_PATHS = (
					"$(inherited)",
					"@executable_path/Frameworks",
				);
				MARKETING_VERSION = 1.0;
				PRODUCT_BUNDLE_IDENTIFIER = com.jaeHyeonLim9298.Alcohol;
				PRODUCT_NAME = "$(TARGET_NAME)";
				SWIFT_EMIT_LOC_STRINGS = YES;
				SWIFT_VERSION = 5.0;
				TARGETED_DEVICE_FAMILY = "1,2";
			};
			name = Debug;
		};
		4688EBD82A9A476E00F752C0 /* Release */ = {
			isa = XCBuildConfiguration;
			buildSettings = {
				ASSETCATALOG_COMPILER_APPICON_NAME = AppIcon;
				ASSETCATALOG_COMPILER_GLOBAL_ACCENT_COLOR_NAME = AccentColor;
				CODE_SIGN_STYLE = Automatic;
				CURRENT_PROJECT_VERSION = 1;
				DEVELOPMENT_TEAM = 7K76RWRQBL;
				GENERATE_INFOPLIST_FILE = YES;
				INFOPLIST_FILE = Alcohol/Info.plist;
				INFOPLIST_KEY_UIApplicationSupportsIndirectInputEvents = YES;
				INFOPLIST_KEY_UILaunchStoryboardName = LaunchScreen;
				INFOPLIST_KEY_UIMainStoryboardFile = Main;
				INFOPLIST_KEY_UISupportedInterfaceOrientations_iPad = "UIInterfaceOrientationPortrait UIInterfaceOrientationPortraitUpsideDown UIInterfaceOrientationLandscapeLeft UIInterfaceOrientationLandscapeRight";
				INFOPLIST_KEY_UISupportedInterfaceOrientations_iPhone = "UIInterfaceOrientationPortrait UIInterfaceOrientationLandscapeLeft UIInterfaceOrientationLandscapeRight";
				IPHONEOS_DEPLOYMENT_TARGET = 14.6;
				LD_RUNPATH_SEARCH_PATHS = (
					"$(inherited)",
					"@executable_path/Frameworks",
				);
				MARKETING_VERSION = 1.0;
				PRODUCT_BUNDLE_IDENTIFIER = com.jaeHyeonLim9298.Alcohol;
				PRODUCT_NAME = "$(TARGET_NAME)";
				SWIFT_EMIT_LOC_STRINGS = YES;
				SWIFT_VERSION = 5.0;
				TARGETED_DEVICE_FAMILY = "1,2";
			};
			name = Release;
		};
/* End XCBuildConfiguration section */

/* Begin XCConfigurationList section */
		4688EBBD2A9A476D00F752C0 /* Build configuration list for PBXProject "Alcohol" */ = {
			isa = XCConfigurationList;
			buildConfigurations = (
				4688EBD42A9A476E00F752C0 /* Debug */,
				4688EBD52A9A476E00F752C0 /* Release */,
			);
			defaultConfigurationIsVisible = 0;
			defaultConfigurationName = Release;
		};
		4688EBD62A9A476E00F752C0 /* Build configuration list for PBXNativeTarget "Alcohol" */ = {
			isa = XCConfigurationList;
			buildConfigurations = (
				4688EBD72A9A476E00F752C0 /* Debug */,
				4688EBD82A9A476E00F752C0 /* Release */,
			);
			defaultConfigurationIsVisible = 0;
			defaultConfigurationName = Release;
		};
/* End XCConfigurationList section */

/* Begin XCRemoteSwiftPackageReference section */
		4688EBD92A9A479100F752C0 /* XCRemoteSwiftPackageReference "Kingfisher" */ = {
			isa = XCRemoteSwiftPackageReference;
			repositoryURL = "https://github.com/onevcat/Kingfisher.git";
			requirement = {
				kind = upToNextMajorVersion;
				minimumVersion = 7.0.0;
			};
		};
		4688EBDC2A9A479D00F752C0 /* XCRemoteSwiftPackageReference "SnapKit" */ = {
			isa = XCRemoteSwiftPackageReference;
			repositoryURL = "https://github.com/SnapKit/SnapKit.git";
			requirement = {
				kind = upToNextMajorVersion;
				minimumVersion = 5.0.0;
			};
		};
/* End XCRemoteSwiftPackageReference section */

/* Begin XCSwiftPackageProductDependency section */
		4688EBDA2A9A479100F752C0 /* Kingfisher */ = {
			isa = XCSwiftPackageProductDependency;
			package = 4688EBD92A9A479100F752C0 /* XCRemoteSwiftPackageReference "Kingfisher" */;
			productName = Kingfisher;
		};
		4688EBDD2A9A479D00F752C0 /* SnapKit */ = {
			isa = XCSwiftPackageProductDependency;
			package = 4688EBDC2A9A479D00F752C0 /* XCRemoteSwiftPackageReference "SnapKit" */;
			productName = SnapKit;
		};
/* End XCSwiftPackageProductDependency section */
	};
	rootObject = 4688EBBA2A9A476D00F752C0 /* Project object */;
}
